
Microsoft Visual Studio Solution File, Format Version 12.00
# Visual Studio Version 17
VisualStudioVersion = 17.4.33122.133
MinimumVisualStudioVersion = 10.0.40219.1
Project("{FAE04EC0-301F-11D3-BF4B-00C04F79EFBC}") = "com.au.automation.Playwright", "com.au.automation.Playwright\com.au.automation.Playwright.csproj", "{838C0FF6-EC95-44EA-8B23-C5C67638705C}"
EndProject
Global
	GlobalSection(SolutionConfigurationPlatforms) = preSolution
		Debug|Any CPU = Debug|Any CPU
		Release|Any CPU = Release|Any CPU
	EndGlobalSection
	GlobalSection(ProjectConfigurationPlatforms) = postSolution
		{838C0FF6-EC95-44EA-8B23-C5C67638705C}.Debug|Any CPU.ActiveCfg = Debug|Any CPU
		{838C0FF6-EC95-44EA-8B23-C5C67638705C}.Debug|Any CPU.Build.0 = Debug|Any CPU
		{838C0FF6-EC95-44EA-8B23-C5C67638705C}.Release|Any CPU.ActiveCfg = Release|Any CPU
		{838C0FF6-EC95-44EA-8B23-C5C67638705C}.Release|Any CPU.Build.0 = Release|Any CPU
	EndGlobalSection
	GlobalSection(SolutionProperties) = preSolution
		HideSolutionNode = FALSE
	EndGlobalSection
	GlobalSection(ExtensibilityGlobals) = postSolution
		SolutionGuid = {32FC090D-744D-4ABA-8B25-A267F21D1AD8}
	EndGlobalSection
EndGlobal
